
Microsoft Visual Studio Solution File, Format Version 12.00
# Visual Studio Version 16
VisualStudioVersion = 16.0.31515.178
MinimumVisualStudioVersion = 10.0.40219.1
Project("{FAE04EC0-301F-11D3-BF4B-00C04F79EFBC}") = "Calculo_media", "Calculo_media.csproj", "{E1EF0928-5217-4C9E-B749-2EA1794C0D0F}"
EndProject
Global
	GlobalSection(SolutionConfigurationPlatforms) = preSolution
		Debug|Any CPU = Debug|Any CPU
		Release|Any CPU = Release|Any CPU
	EndGlobalSection
	GlobalSection(ProjectConfigurationPlatforms) = postSolution
		{E1EF0928-5217-4C9E-B749-2EA1794C0D0F}.Debug|Any CPU.ActiveCfg = Debug|Any CPU
		{E1EF0928-5217-4C9E-B749-2EA1794C0D0F}.Debug|Any CPU.Build.0 = Debug|Any CPU
		{E1EF0928-5217-4C9E-B749-2EA1794C0D0F}.Release|Any CPU.ActiveCfg = Release|Any CPU
		{E1EF0928-5217-4C9E-B749-2EA1794C0D0F}.Release|Any CPU.Build.0 = Release|Any CPU
	EndGlobalSection
	GlobalSection(SolutionProperties) = preSolution
		HideSolutionNode = FALSE
	EndGlobalSection
	GlobalSection(ExtensibilityGlobals) = postSolution
		SolutionGuid = {D9FD84C4-7BC9-4581-8691-CCD83F3ADEFE}
	EndGlobalSection
EndGlobal
